{
    "_readme": [
        "This file locks the dependencies of your project to a known state",
        "Read more about it at https://getcomposer.org/doc/01-basic-usage.md#installing-dependencies",
        "This file is @generated automatically"
    ],
    "content-hash": "27dd904eeecb67dd31d34f66656ce4d4",
    "packages": [
        {
            "name": "langleyfoxall/math_eval",
            "version": "v2.0.0",
            "source": {
                "type": "git",
                "url": "https://github.com/langleyfoxall/math_eval.git",
                "reference": "f650532d34834dc0af12535f77f194683249bc42"
            },
            "dist": {
                "type": "zip",
                "url": "https://api.github.com/repos/langleyfoxall/math_eval/zipball/f650532d34834dc0af12535f77f194683249bc42",
                "reference": "f650532d34834dc0af12535f77f194683249bc42",
                "shasum": ""
            },
            "require": {
                "mossadal/math-parser": "^1.3",
                "php": ">=5.6"
            },
            "require-dev": {
                "fzaninotto/faker": "^1.6",
                "php-coveralls/php-coveralls": "^2.0",
                "phpunit/phpunit": "^5.7"
            },
            "type": "library",
            "autoload": {
                "files": [
                    "src/math_eval.php"
                ],
                "psr-4": {
                    "LangleyFoxall\\MathEval\\": "src/"
                }
            },
            "notification-url": "https://packagist.org/downloads/",
            "license": [
                "LGPL-3.0-only"
            ],
            "authors": [
                {
                    "name": "Jordan Hall",
                    "email": "jordan@langleyfoxall.co.uk"
                }
            ],
            "description": "✖️➕➖➗ `math_eval` safely evaluates mathematical expressions",
            "support": {
                "issues": "https://github.com/langleyfoxall/math_eval/issues",
                "source": "https://github.com/langleyfoxall/math_eval/tree/master"
            },
            "time": "2019-09-20T08:13:49+00:00"
        },
        {
            "name": "mossadal/math-parser",
            "version": "v1.3.16",
            "source": {
                "type": "git",
                "url": "https://github.com/mossadal/math-parser.git",
                "reference": "981b03ca603fd281049e092d75245ac029e13dec"
            },
            "dist": {
                "type": "zip",
                "url": "https://api.github.com/repos/mossadal/math-parser/zipball/981b03ca603fd281049e092d75245ac029e13dec",
                "reference": "981b03ca603fd281049e092d75245ac029e13dec",
                "shasum": ""
            },
            "require": {
                "php": ">=5.4.0"
            },
            "require-dev": {
                "phpdocumentor/phpdocumentor": "2.*",
                "phpunit/php-code-coverage": "6.0.*",
                "phpunit/phpunit": "7.3.*"
            },
            "type": "library",
            "autoload": {
                "psr-4": {
                    "MathParser\\": "src/MathParser"
                }
            },
            "notification-url": "https://packagist.org/downloads/",
            "license": [
                "LGPL-3.0"
            ],
            "authors": [
                {
                    "name": "Frank Wikström",
                    "email": "frank@mossadal.se",
                    "role": "Developer"
                }
            ],
            "description": "PHP parser for mathematical expressions, including elementary functions, variables and implicit multiplication. Also supports symbolic differentiation.",
            "homepage": "https://github.com/mossadal/math-parser",
            "keywords": [
                "mathematics",
                "parser"
            ],
            "support": {
                "issues": "https://github.com/mossadal/math-parser/issues",
                "source": "https://github.com/mossadal/math-parser/tree/master"
            },
            "time": "2018-09-15T22:20:34+00:00"
        },
        {
            "name": "squizlabs/php_codesniffer",
            "version": "3.6.2",
            "source": {
                "type": "git",
                "url": "https://github.com/squizlabs/PHP_CodeSniffer.git",
                "reference": "5e4e71592f69da17871dba6e80dd51bce74a351a"
            },
            "dist": {
                "type": "zip",
                "url": "https://api.github.com/repos/squizlabs/PHP_CodeSniffer/zipball/5e4e71592f69da17871dba6e80dd51bce74a351a",
                "reference": "5e4e71592f69da17871dba6e80dd51bce74a351a",
                "shasum": ""
            },
            "require": {
                "ext-simplexml": "*",
                "ext-tokenizer": "*",
                "ext-xmlwriter": "*",
                "php": ">=5.4.0"
            },
            "require-dev": {
                "phpunit/phpunit": "^4.0 || ^5.0 || ^6.0 || ^7.0"
            },
            "bin": [
                "bin/phpcs",
                "bin/phpcbf"
            ],
            "type": "library",
            "extra": {
                "branch-alias": {
                    "dev-master": "3.x-dev"
                }
            },
            "notification-url": "https://packagist.org/downloads/",
            "license": [
                "BSD-3-Clause"
            ],
            "authors": [
                {
                    "name": "Greg Sherwood",
                    "role": "lead"
                }
            ],
            "description": "PHP_CodeSniffer tokenizes PHP, JavaScript and CSS files and detects violations of a defined set of coding standards.",
            "homepage": "https://github.com/squizlabs/PHP_CodeSniffer",
            "keywords": [
                "phpcs",
                "standards"
            ],
            "support": {
                "issues": "https://github.com/squizlabs/PHP_CodeSniffer/issues",
                "source": "https://github.com/squizlabs/PHP_CodeSniffer",
                "wiki": "https://github.com/squizlabs/PHP_CodeSniffer/wiki"
            },
            "time": "2021-12-12T21:44:58+00:00"
        },
        {
            "name": "wp-cli/php-cli-tools",
            "version": "v0.11.13",
            "source": {
                "type": "git",
                "url": "https://github.com/wp-cli/php-cli-tools.git",
                "reference": "a2866855ac1abc53005c102e901553ad5772dc04"
            },
            "dist": {
                "type": "zip",
                "url": "https://api.github.com/repos/wp-cli/php-cli-tools/zipball/a2866855ac1abc53005c102e901553ad5772dc04",
                "reference": "a2866855ac1abc53005c102e901553ad5772dc04",
                "shasum": ""
            },
            "require": {
                "php": ">= 5.3.0"
            },
            "type": "library",
            "autoload": {
                "files": [
                    "lib/cli/cli.php"
                ],
                "psr-0": {
                    "cli": "lib/"
                }
            },
            "notification-url": "https://packagist.org/downloads/",
            "license": [
                "MIT"
            ],
            "authors": [
                {
                    "name": "Daniel Bachhuber",
                    "email": "daniel@handbuilt.co",
                    "role": "Maintainer"
                },
                {
                    "name": "James Logsdon",
                    "email": "jlogsdon@php.net",
                    "role": "Developer"
                }
            ],
            "description": "Console utilities for PHP",
            "homepage": "http://github.com/wp-cli/php-cli-tools",
            "keywords": [
                "cli",
                "console"
            ],
            "support": {
                "issues": "https://github.com/wp-cli/php-cli-tools/issues",
                "source": "https://github.com/wp-cli/php-cli-tools/tree/v0.11.13"
            },
            "time": "2021-07-01T15:08:16+00:00"
        }
    ],
    "packages-dev": [],
    "aliases": [],
    "minimum-stability": "stable",
    "stability-flags": [],
    "prefer-stable": false,
    "prefer-lowest": false,
    "platform": {
        "ext-gmp": "*"
    },
    "platform-dev": [],
    "plugin-api-version": "2.1.0"
}
